
Microsoft Visual Studio Solution File, Format Version 12.00
# Visual Studio Version 17
VisualStudioVersion = 17.0.31903.59
MinimumVisualStudioVersion = 10.0.40219.1
Project("{FAE04EC0-301F-11D3-BF4B-00C04F79EFBC}") = "StandardFizzBuzz", "StandardFizzBuzz\StandardFizzBuzz.csproj", "{CEF6BC52-876C-450D-8382-A4689E5695D9}"
EndProject
Project("{FAE04EC0-301F-11D3-BF4B-00C04F79EFBC}") = "TwistedFizzBuzz", "TwistedFizzBuzz\TwistedFizzBuzz.csproj", "{A5A220FB-A721-4EFC-928F-E0A30C52CD5E}"
EndProject
Project("{FAE04EC0-301F-11D3-BF4B-00C04F79EFBC}") = "CustomFizzBuzz", "CustomFizzBuzz\CustomFizzBuzz.csproj", "{3453F006-DBB7-4E79-9766-5C53B1C5CB61}"
EndProject
Global
	GlobalSection(SolutionConfigurationPlatforms) = preSolution
		Debug|Any CPU = Debug|Any CPU
		Release|Any CPU = Release|Any CPU
	EndGlobalSection
	GlobalSection(SolutionProperties) = preSolution
		HideSolutionNode = FALSE
	EndGlobalSection
	GlobalSection(ProjectConfigurationPlatforms) = postSolution
		{CEF6BC52-876C-450D-8382-A4689E5695D9}.Debug|Any CPU.ActiveCfg = Debug|Any CPU
		{CEF6BC52-876C-450D-8382-A4689E5695D9}.Debug|Any CPU.Build.0 = Debug|Any CPU
		{CEF6BC52-876C-450D-8382-A4689E5695D9}.Release|Any CPU.ActiveCfg = Release|Any CPU
		{CEF6BC52-876C-450D-8382-A4689E5695D9}.Release|Any CPU.Build.0 = Release|Any CPU
		{A5A220FB-A721-4EFC-928F-E0A30C52CD5E}.Debug|Any CPU.ActiveCfg = Debug|Any CPU
		{A5A220FB-A721-4EFC-928F-E0A30C52CD5E}.Debug|Any CPU.Build.0 = Debug|Any CPU
		{A5A220FB-A721-4EFC-928F-E0A30C52CD5E}.Release|Any CPU.ActiveCfg = Release|Any CPU
		{A5A220FB-A721-4EFC-928F-E0A30C52CD5E}.Release|Any CPU.Build.0 = Release|Any CPU
		{3453F006-DBB7-4E79-9766-5C53B1C5CB61}.Debug|Any CPU.ActiveCfg = Debug|Any CPU
		{3453F006-DBB7-4E79-9766-5C53B1C5CB61}.Debug|Any CPU.Build.0 = Debug|Any CPU
		{3453F006-DBB7-4E79-9766-5C53B1C5CB61}.Release|Any CPU.ActiveCfg = Release|Any CPU
		{3453F006-DBB7-4E79-9766-5C53B1C5CB61}.Release|Any CPU.Build.0 = Release|Any CPU
	EndGlobalSection
EndGlobal
